// !$*UTF8*$!
{
	archiveVersion = 1;
	classes = {
	};
	objectVersion = 50;
	objects = {

/* Begin PBXBuildFile section */
		547578E024B3130D00D7CAD8 /* Default-568h@2x.png in Resources */ = {isa = PBXBuildFile; fileRef = 547578DF24B3130D00D7CAD8 /* Default-568h@2x.png */; };
		547578E624B4817C00D7CAD8 /* ViewController.swift in Sources */ = {isa = PBXBuildFile; fileRef = 547578E524B4817B00D7CAD8 /* ViewController.swift */; };
		54AEA6AF24B21F2B0009D884 /* AppDelegate.swift in Sources */ = {isa = PBXBuildFile; fileRef = 54AEA6AE24B21F2B0009D884 /* AppDelegate.swift */; };
		54AEA6B124B21F2B0009D884 /* SceneDelegate.swift in Sources */ = {isa = PBXBuildFile; fileRef = 54AEA6B024B21F2B0009D884 /* SceneDelegate.swift */; };
		54AEA6B624B21F2B0009D884 /* Main.storyboard in Resources */ = {isa = PBXBuildFile; fileRef = 54AEA6B424B21F2B0009D884 /* Main.storyboard */; };
		54AEA6B824B21F430009D884 /* Assets.xcassets in Resources */ = {isa = PBXBuildFile; fileRef = 54AEA6B724B21F430009D884 /* Assets.xcassets */; };
		54AEA6BB24B21F430009D884 /* LaunchScreen.storyboard in Resources */ = {isa = PBXBuildFile; fileRef = 54AEA6B924B21F430009D884 /* LaunchScreen.storyboard */; };
		54AEA6C524B2F5170009D884 /* WebKit.framework in Frameworks */ = {isa = PBXBuildFile; fileRef = 54AEA6C324B2F50F0009D884 /* WebKit.framework */; };
		54EB5B4F24BC21CF0061A6E1 /* CoreBluetooth.framework in Frameworks */ = {isa = PBXBuildFile; fileRef = 54EB5B4E24BC21CF0061A6E1 /* CoreBluetooth.framework */; };
		54EB5B5124BC24820061A6E1 /* SecondViewController.swift in Sources */ = {isa = PBXBuildFile; fileRef = 54EB5B5024BC24820061A6E1 /* SecondViewController.swift */; };
		54EB5B5524BC9EF10061A6E1 /* BLE.swift in Sources */ = {isa = PBXBuildFile; fileRef = 54EB5B5424BC9EF10061A6E1 /* BLE.swift */; };
/* End PBXBuildFile section */

/* Begin PBXFileReference section */
		547578DF24B3130D00D7CAD8 /* Default-568h@2x.png */ = {isa = PBXFileReference; lastKnownFileType = image.png; path = "Default-568h@2x.png"; sourceTree = "<group>"; };
		547578E524B4817B00D7CAD8 /* ViewController.swift */ = {isa = PBXFileReference; fileEncoding = 4; lastKnownFileType = sourcecode.swift; path = ViewController.swift; sourceTree = "<group>"; };
		54AEA6AB24B21F2B0009D884 /* WebApp-BLE.app */ = {isa = PBXFileReference; explicitFileType = wrapper.application; includeInIndex = 0; path = "WebApp-BLE.app"; sourceTree = BUILT_PRODUCTS_DIR; };
		54AEA6AE24B21F2B0009D884 /* AppDelegate.swift */ = {isa = PBXFileReference; lastKnownFileType = sourcecode.swift; path = AppDelegate.swift; sourceTree = "<group>"; };
		54AEA6B024B21F2B0009D884 /* SceneDelegate.swift */ = {isa = PBXFileReference; lastKnownFileType = sourcecode.swift; path = SceneDelegate.swift; sourceTree = "<group>"; };
		54AEA6B524B21F2B0009D884 /* Base */ = {isa = PBXFileReference; lastKnownFileType = file.storyboard; name = Base; path = Base.lproj/Main.storyboard; sourceTree = "<group>"; };
		54AEA6B724B21F430009D884 /* Assets.xcassets */ = {isa = PBXFileReference; lastKnownFileType = folder.assetcatalog; path = Assets.xcassets; sourceTree = "<group>"; };
		54AEA6BA24B21F430009D884 /* Base */ = {isa = PBXFileReference; lastKnownFileType = file.storyboard; name = Base; path = Base.lproj/LaunchScreen.storyboard; sourceTree = "<group>"; };
		54AEA6BC24B21F430009D884 /* Info.plist */ = {isa = PBXFileReference; lastKnownFileType = text.plist.xml; path = Info.plist; sourceTree = "<group>"; };
		54AEA6C324B2F50F0009D884 /* WebKit.framework */ = {isa = PBXFileReference; lastKnownFileType = wrapper.framework; name = WebKit.framework; path = System/Library/Frameworks/WebKit.framework; sourceTree = SDKROOT; };
		54EB5B4E24BC21CF0061A6E1 /* CoreBluetooth.framework */ = {isa = PBXFileReference; lastKnownFileType = wrapper.framework; name = CoreBluetooth.framework; path = System/Library/Frameworks/CoreBluetooth.framework; sourceTree = SDKROOT; };
		54EB5B5024BC24820061A6E1 /* SecondViewController.swift */ = {isa = PBXFileReference; lastKnownFileType = sourcecode.swift; path = SecondViewController.swift; sourceTree = "<group>"; };
		54EB5B5424BC9EF10061A6E1 /* BLE.swift */ = {isa = PBXFileReference; lastKnownFileType = sourcecode.swift; path = BLE.swift; sourceTree = "<group>"; };
/* End PBXFileReference section */

/* Begin PBXFrameworksBuildPhase section */
		54AEA6A824B21F2B0009D884 /* Frameworks */ = {
			isa = PBXFrameworksBuildPhase;
			buildActionMask = 2147483647;
			files = (
				54AEA6C524B2F5170009D884 /* WebKit.framework in Frameworks */,
				54EB5B4F24BC21CF0061A6E1 /* CoreBluetooth.framework in Frameworks */,
			);
			runOnlyForDeploymentPostprocessing = 0;
		};
/* End PBXFrameworksBuildPhase section */

/* Begin PBXGroup section */
		54AEA6A224B21F2B0009D884 = {
			isa = PBXGroup;
			children = (
				547578DF24B3130D00D7CAD8 /* Default-568h@2x.png */,
				54AEA6AD24B21F2B0009D884 /* Jaspat Online Restaurant */,
				54AEA6AC24B21F2B0009D884 /* Products */,
				54AEA6C224B2F50D0009D884 /* Frameworks */,
			);
			sourceTree = "<group>";
		};
		54AEA6AC24B21F2B0009D884 /* Products */ = {
			isa = PBXGroup;
			children = (
				54AEA6AB24B21F2B0009D884 /* WebApp-BLE.app */,
			);
			name = Products;
			sourceTree = "<group>";
		};
		54AEA6AD24B21F2B0009D884 /* Jaspat Online Restaurant */ = {
			isa = PBXGroup;
			children = (
				547578E524B4817B00D7CAD8 /* ViewController.swift */,
				54EB5B5024BC24820061A6E1 /* SecondViewController.swift */,
				54AEA6AE24B21F2B0009D884 /* AppDelegate.swift */,
				54AEA6B024B21F2B0009D884 /* SceneDelegate.swift */,
				54AEA6B424B21F2B0009D884 /* Main.storyboard */,
				54AEA6B724B21F430009D884 /* Assets.xcassets */,
				54AEA6B924B21F430009D884 /* LaunchScreen.storyboard */,
				54AEA6BC24B21F430009D884 /* Info.plist */,
				54EB5B5424BC9EF10061A6E1 /* BLE.swift */,
			);
			path = "Jaspat Online Restaurant";
			sourceTree = "<group>";
		};
		54AEA6C224B2F50D0009D884 /* Frameworks */ = {
			isa = PBXGroup;
			children = (
				54EB5B4E24BC21CF0061A6E1 /* CoreBluetooth.framework */,
				54AEA6C324B2F50F0009D884 /* WebKit.framework */,
			);
			name = Frameworks;
			sourceTree = "<group>";
		};
/* End PBXGroup section */

/* Begin PBXNativeTarget section */
		54AEA6AA24B21F2B0009D884 /* Jaspat Online Restaurant */ = {
			isa = PBXNativeTarget;
			buildConfigurationList = 54AEA6BF24B21F430009D884 /* Build configuration list for PBXNativeTarget "Jaspat Online Restaurant" */;
			buildPhases = (
				54AEA6A724B21F2B0009D884 /* Sources */,
				54AEA6A824B21F2B0009D884 /* Frameworks */,
				54AEA6A924B21F2B0009D884 /* Resources */,
			);
			buildRules = (
			);
			dependencies = (
			);
			name = "Jaspat Online Restaurant";
			productName = WebApp;
			productReference = 54AEA6AB24B21F2B0009D884 /* WebApp-BLE.app */;
			productType = "com.apple.product-type.application";
		};
/* End PBXNativeTarget section */

/* Begin PBXProject section */
		54AEA6A324B21F2B0009D884 /* Project object */ = {
			isa = PBXProject;
			attributes = {
				LastSwiftUpdateCheck = 1150;
				LastUpgradeCheck = 1150;
				ORGANIZATIONNAME = "Gogain Chin";
				TargetAttributes = {
					54AEA6AA24B21F2B0009D884 = {
						CreatedOnToolsVersion = 11.5;
					};
				};
			};
			buildConfigurationList = 54AEA6A624B21F2B0009D884 /* Build configuration list for PBXProject "Jaspat Online Restaurant" */;
			compatibilityVersion = "Xcode 9.3";
			developmentRegion = en;
			hasScannedForEncodings = 0;
			knownRegions = (
				en,
				Base,
			);
			mainGroup = 54AEA6A224B21F2B0009D884;
			productRefGroup = 54AEA6AC24B21F2B0009D884 /* Products */;
			projectDirPath = "";
			projectRoot = "";
			targets = (
				54AEA6AA24B21F2B0009D884 /* Jaspat Online Restaurant */,
			);
		};
/* End PBXProject section */

/* Begin PBXResourcesBuildPhase section */
		54AEA6A924B21F2B0009D884 /* Resources */ = {
			isa = PBXResourcesBuildPhase;
			buildActionMask = 2147483647;
			files = (
				54AEA6BB24B21F430009D884 /* LaunchScreen.storyboard in Resources */,
				54AEA6B824B21F430009D884 /* Assets.xcassets in Resources */,
				547578E024B3130D00D7CAD8 /* Default-568h@2x.png in Resources */,
				54AEA6B624B21F2B0009D884 /* Main.storyboard in Resources */,
			);
			runOnlyForDeploymentPostprocessing = 0;
		};
/* End PBXResourcesBuildPhase section */

/* Begin PBXSourcesBuildPhase section */
		54AEA6A724B21F2B0009D884 /* Sources */ = {
			isa = PBXSourcesBuildPhase;
			buildActionMask = 2147483647;
			files = (
				547578E624B4817C00D7CAD8 /* ViewController.swift in Sources */,
				54EB5B5524BC9EF10061A6E1 /* BLE.swift in Sources */,
				54AEA6AF24B21F2B0009D884 /* AppDelegate.swift in Sources */,
				54EB5B5124BC24820061A6E1 /* SecondViewController.swift in Sources */,
				54AEA6B124B21F2B0009D884 /* SceneDelegate.swift in Sources */,
			);
			runOnlyForDeploymentPostprocessing = 0;
		};
/* End PBXSourcesBuildPhase section */

/* Begin PBXVariantGroup section */
		54AEA6B424B21F2B0009D884 /* Main.storyboard */ = {
			isa = PBXVariantGroup;
			children = (
				54AEA6B524B21F2B0009D884 /* Base */,
			);
			name = Main.storyboard;
			sourceTree = "<group>";
		};
		54AEA6B924B21F430009D884 /* LaunchScreen.storyboard */ = {
			isa = PBXVariantGroup;
			children = (
				54AEA6BA24B21F430009D884 /* Base */,
			);
			name = LaunchScreen.storyboard;
			sourceTree = "<group>";
		};
/* End PBXVariantGroup section */

/* Begin XCBuildConfiguration section */
		54AEA6BD24B21F430009D884 /* Debug */ = {
			isa = XCBuildConfiguration;
			buildSettings = {
				ALWAYS_SEARCH_USER_PATHS = NO;
				CLANG_ANALYZER_NONNULL = YES;
				CLANG_ANALYZER_NUMBER_OBJECT_CONVERSION = YES_AGGRESSIVE;
				CLANG_CXX_LANGUAGE_STANDARD = "gnu++14";
				CLANG_CXX_LIBRARY = "libc++";
				CLANG_ENABLE_MODULES = YES;
				CLANG_ENABLE_OBJC_ARC = YES;
				CLANG_ENABLE_OBJC_WEAK = YES;
				CLANG_WARN_BLOCK_CAPTURE_AUTORELEASING = YES;
				CLANG_WARN_BOOL_CONVERSION = YES;
				CLANG_WARN_COMMA = YES;
				CLANG_WARN_CONSTANT_CONVERSION = YES;
				CLANG_WARN_DEPRECATED_OBJC_IMPLEMENTATIONS = YES;
				CLANG_WARN_DIRECT_OBJC_ISA_USAGE = YES_ERROR;
				CLANG_WARN_DOCUMENTATION_COMMENTS = YES;
				CLANG_WARN_EMPTY_BODY = YES;
				CLANG_WARN_ENUM_CONVERSION = YES;
				CLANG_WARN_INFINITE_RECURSION = YES;
				CLANG_WARN_INT_CONVERSION = YES;
				CLANG_WARN_NON_LITERAL_NULL_CONVERSION = YES;
				CLANG_WARN_OBJC_IMPLICIT_RETAIN_SELF = YES;
				CLANG_WARN_OBJC_LITERAL_CONVERSION = YES;
				CLANG_WARN_OBJC_ROOT_CLASS = YES_ERROR;
				CLANG_WARN_RANGE_LOOP_ANALYSIS = YES;
				CLANG_WARN_STRICT_PROTOTYPES = YES;
				CLANG_WARN_SUSPICIOUS_MOVE = YES;
				CLANG_WARN_UNGUARDED_AVAILABILITY = YES_AGGRESSIVE;
				CLANG_WARN_UNREACHABLE_CODE = YES;
				CLANG_WARN__DUPLICATE_METHOD_MATCH = YES;
				COPY_PHASE_STRIP = NO;
				DEBUG_INFORMATION_FORMAT = dwarf;
				ENABLE_STRICT_OBJC_MSGSEND = YES;
				ENABLE_TESTABILITY = YES;
				GCC_C_LANGUAGE_STANDARD = gnu11;
				GCC_DYNAMIC_NO_PIC = NO;
				GCC_NO_COMMON_BLOCKS = YES;
				GCC_OPTIMIZATION_LEVEL = 0;
				GCC_PREPROCESSOR_DEFINITIONS = (
					"DEBUG=1",
					"$(inherited)",
				);
				GCC_WARN_64_TO_32_BIT_CONVERSION = YES;
				GCC_WARN_ABOUT_RETURN_TYPE = YES_ERROR;
				GCC_WARN_UNDECLARED_SELECTOR = YES;
				GCC_WARN_UNINITIALIZED_AUTOS = YES_AGGRESSIVE;
				GCC_WARN_UNUSED_FUNCTION = YES;
				GCC_WARN_UNUSED_VARIABLE = YES;
				IPHONEOS_DEPLOYMENT_TARGET = 13.5;
				MTL_ENABLE_DEBUG_INFO = INCLUDE_SOURCE;
				MTL_FAST_MATH = YES;
				ONLY_ACTIVE_ARCH = YES;
				SDKROOT = iphoneos;
				SWIFT_ACTIVE_COMPILATION_CONDITIONS = DEBUG;
				SWIFT_OPTIMIZATION_LEVEL = "-Onone";
			};
			name = Debug;
		};
		54AEA6BE24B21F430009D884 /* Release */ = {
			isa = XCBuildConfiguration;
			buildSettings = {
				ALWAYS_SEARCH_USER_PATHS = NO;
				CLANG_ANALYZER_NONNULL = YES;
				CLANG_ANALYZER_NUMBER_OBJECT_CONVERSION = YES_AGGRESSIVE;
				CLANG_CXX_LANGUAGE_STANDARD = "gnu++14";
				CLANG_CXX_LIBRARY = "libc++";
				CLANG_ENABLE_MODULES = YES;
				CLANG_ENABLE_OBJC_ARC = YES;
				CLANG_ENABLE_OBJC_WEAK = YES;
				CLANG_WARN_BLOCK_CAPTURE_AUTORELEASING = YES;
				CLANG_WARN_BOOL_CONVERSION = YES;
				CLANG_WARN_COMMA = YES;
				CLANG_WARN_CONSTANT_CONVERSION = YES;
				CLANG_WARN_DEPRECATED_OBJC_IMPLEMENTATIONS = YES;
				CLANG_WARN_DIRECT_OBJC_ISA_USAGE = YES_ERROR;
				CLANG_WARN_DOCUMENTATION_COMMENTS = YES;
				CLANG_WARN_EMPTY_BODY = YES;
				CLANG_WARN_ENUM_CONVERSION = YES;
				CLANG_WARN_INFINITE_RECURSION = YES;
				CLANG_WARN_INT_CONVERSION = YES;
				CLANG_WARN_NON_LITERAL_NULL_CONVERSION = YES;
				CLANG_WARN_OBJC_IMPLICIT_RETAIN_SELF = YES;
				CLANG_WARN_OBJC_LITERAL_CONVERSION = YES;
				CLANG_WARN_OBJC_ROOT_CLASS = YES_ERROR;
				CLANG_WARN_RANGE_LOOP_ANALYSIS = YES;
				CLANG_WARN_STRICT_PROTOTYPES = YES;
				CLANG_WARN_SUSPICIOUS_MOVE = YES;
				CLANG_WARN_UNGUARDED_AVAILABILITY = YES_AGGRESSIVE;
				CLANG_WARN_UNREACHABLE_CODE = YES;
				CLANG_WARN__DUPLICATE_METHOD_MATCH = YES;
				COPY_PHASE_STRIP = NO;
				DEBUG_INFORMATION_FORMAT = "dwarf-with-dsym";
				ENABLE_NS_ASSERTIONS = NO;
				ENABLE_STRICT_OBJC_MSGSEND = YES;
				GCC_C_LANGUAGE_STANDARD = gnu11;
				GCC_NO_COMMON_BLOCKS = YES;
				GCC_WARN_64_TO_32_BIT_CONVERSION = YES;
				GCC_WARN_ABOUT_RETURN_TYPE = YES_ERROR;
				GCC_WARN_UNDECLARED_SELECTOR = YES;
				GCC_WARN_UNINITIALIZED_AUTOS = YES_AGGRESSIVE;
				GCC_WARN_UNUSED_FUNCTION = YES;
				GCC_WARN_UNUSED_VARIABLE = YES;
				IPHONEOS_DEPLOYMENT_TARGET = 13.5;
				MTL_ENABLE_DEBUG_INFO = NO;
				MTL_FAST_MATH = YES;
				SDKROOT = iphoneos;
				SWIFT_COMPILATION_MODE = wholemodule;
				SWIFT_OPTIMIZATION_LEVEL = "-O";
				VALIDATE_PRODUCT = YES;
			};
			name = Release;
		};
		54AEA6C024B21F430009D884 /* Debug */ = {
			isa = XCBuildConfiguration;
			buildSettings = {
				ASSETCATALOG_COMPILER_APPICON_NAME = AppIcon;
				CODE_SIGN_STYLE = Automatic;
				DEVELOPMENT_TEAM = T3KFBMYXUK;
				INFOPLIST_FILE = "Jaspat Online Restaurant/Info.plist";
				IPHONEOS_DEPLOYMENT_TARGET = 13.0;
				LD_RUNPATH_SEARCH_PATHS = (
					"$(inherited)",
					"@executable_path/Frameworks",
				);
				PRODUCT_BUNDLE_IDENTIFIER = gogain.JaspatOnlineRestaurant;
				PRODUCT_NAME = "WebApp-BLE";
				SWIFT_VERSION = 5.0;
				TARGETED_DEVICE_FAMILY = "1,2";
			};
			name = Debug;
		};
		54AEA6C124B21F430009D884 /* Release */ = {
			isa = XCBuildConfiguration;
			buildSettings = {
				ASSETCATALOG_COMPILER_APPICON_NAME = AppIcon;
				CODE_SIGN_STYLE = Automatic;
				DEVELOPMENT_TEAM = T3KFBMYXUK;
				INFOPLIST_FILE = "Jaspat Online Restaurant/Info.plist";
				IPHONEOS_DEPLOYMENT_TARGET = 13.0;
				LD_RUNPATH_SEARCH_PATHS = (
					"$(inherited)",
					"@executable_path/Frameworks",
				);
				PRODUCT_BUNDLE_IDENTIFIER = gogain.JaspatOnlineRestaurant;
				PRODUCT_NAME = "WebApp-BLE";
				SWIFT_VERSION = 5.0;
				TARGETED_DEVICE_FAMILY = "1,2";
			};
			name = Release;
		};
/* End XCBuildConfiguration section */

/* Begin XCConfigurationList section */
		54AEA6A624B21F2B0009D884 /* Build configuration list for PBXProject "Jaspat Online Restaurant" */ = {
			isa = XCConfigurationList;
			buildConfigurations = (
				54AEA6BD24B21F430009D884 /* Debug */,
				54AEA6BE24B21F430009D884 /* Release */,
			);
			defaultConfigurationIsVisible = 0;
			defaultConfigurationName = Release;
		};
		54AEA6BF24B21F430009D884 /* Build configuration list for PBXNativeTarget "Jaspat Online Restaurant" */ = {
			isa = XCConfigurationList;
			buildConfigurations = (
				54AEA6C024B21F430009D884 /* Debug */,
				54AEA6C124B21F430009D884 /* Release */,
			);
			defaultConfigurationIsVisible = 0;
			defaultConfigurationName = Release;
		};
/* End XCConfigurationList section */
	};
	rootObject = 54AEA6A324B21F2B0009D884 /* Project object */;
}
